
Microsoft Visual Studio Solution File, Format Version 12.00
# Visual Studio Version 16
VisualStudioVersion = 16.0.31005.135
MinimumVisualStudioVersion = 10.0.40219.1
Project("{FAE04EC0-301F-11D3-BF4B-00C04F79EFBC}") = "CourseWork", "CourseWork.csproj", "{19372838-8F09-46E1-A4BA-4575AD5223DE}"
EndProject
Global
	GlobalSection(SolutionConfigurationPlatforms) = preSolution
		Debug|Any CPU = Debug|Any CPU
		Release|Any CPU = Release|Any CPU
	EndGlobalSection
	GlobalSection(ProjectConfigurationPlatforms) = postSolution
		{19372838-8F09-46E1-A4BA-4575AD5223DE}.Debug|Any CPU.ActiveCfg = Debug|Any CPU
		{19372838-8F09-46E1-A4BA-4575AD5223DE}.Debug|Any CPU.Build.0 = Debug|Any CPU
		{19372838-8F09-46E1-A4BA-4575AD5223DE}.Release|Any CPU.ActiveCfg = Release|Any CPU
		{19372838-8F09-46E1-A4BA-4575AD5223DE}.Release|Any CPU.Build.0 = Release|Any CPU
	EndGlobalSection
	GlobalSection(SolutionProperties) = preSolution
		HideSolutionNode = FALSE
	EndGlobalSection
	GlobalSection(ExtensibilityGlobals) = postSolution
		SolutionGuid = {DF0EE48E-C63C-400B-A44B-30D28E6EB2B1}
	EndGlobalSection
EndGlobal
